
Microsoft Visual Studio Solution File, Format Version 12.00
# Visual Studio Version 17
VisualStudioVersion = 17.8.34330.188
MinimumVisualStudioVersion = 10.0.40219.1
Project("{FAE04EC0-301F-11D3-BF4B-00C04F79EFBC}") = "writeline", "writeline\writeline.csproj", "{03E28E19-FC22-4252-88B7-5244F3C87542}"
EndProject
Global
	GlobalSection(SolutionConfigurationPlatforms) = preSolution
		Debug|Any CPU = Debug|Any CPU
		Release|Any CPU = Release|Any CPU
	EndGlobalSection
	GlobalSection(ProjectConfigurationPlatforms) = postSolution
		{03E28E19-FC22-4252-88B7-5244F3C87542}.Debug|Any CPU.ActiveCfg = Debug|Any CPU
		{03E28E19-FC22-4252-88B7-5244F3C87542}.Debug|Any CPU.Build.0 = Debug|Any CPU
		{03E28E19-FC22-4252-88B7-5244F3C87542}.Release|Any CPU.ActiveCfg = Release|Any CPU
		{03E28E19-FC22-4252-88B7-5244F3C87542}.Release|Any CPU.Build.0 = Release|Any CPU
	EndGlobalSection
	GlobalSection(SolutionProperties) = preSolution
		HideSolutionNode = FALSE
	EndGlobalSection
	GlobalSection(ExtensibilityGlobals) = postSolution
		SolutionGuid = {FC617727-1E0C-48F2-88A7-16D1292CAFFF}
	EndGlobalSection
EndGlobal
