
Microsoft Visual Studio Solution File, Format Version 12.00
# Visual Studio Version 17
VisualStudioVersion = 17.8.34330.188
MinimumVisualStudioVersion = 10.0.40219.1
Project("{FAE04EC0-301F-11D3-BF4B-00C04F79EFBC}") = "_2_3", "_2_3\_2_3.csproj", "{50EB6839-1636-49E2-9EEA-0B877DB9D7DC}"
EndProject
Global
	GlobalSection(SolutionConfigurationPlatforms) = preSolution
		Debug|Any CPU = Debug|Any CPU
		Release|Any CPU = Release|Any CPU
	EndGlobalSection
	GlobalSection(ProjectConfigurationPlatforms) = postSolution
		{50EB6839-1636-49E2-9EEA-0B877DB9D7DC}.Debug|Any CPU.ActiveCfg = Debug|Any CPU
		{50EB6839-1636-49E2-9EEA-0B877DB9D7DC}.Debug|Any CPU.Build.0 = Debug|Any CPU
		{50EB6839-1636-49E2-9EEA-0B877DB9D7DC}.Release|Any CPU.ActiveCfg = Release|Any CPU
		{50EB6839-1636-49E2-9EEA-0B877DB9D7DC}.Release|Any CPU.Build.0 = Release|Any CPU
	EndGlobalSection
	GlobalSection(SolutionProperties) = preSolution
		HideSolutionNode = FALSE
	EndGlobalSection
	GlobalSection(ExtensibilityGlobals) = postSolution
		SolutionGuid = {9EA2F40C-9B5F-48A8-9747-D87718F8DF6A}
	EndGlobalSection
EndGlobal
